
Microsoft Visual Studio Solution File, Format Version 12.00
# Visual Studio Version 16
VisualStudioVersion = 16.0.31005.135
MinimumVisualStudioVersion = 10.0.40219.1
Project("{FAE04EC0-301F-11D3-BF4B-00C04F79EFBC}") = "homework1", "ConsoleApp1\homework1.csproj", "{6FEC1C24-BE7E-4E54-9CB2-08273A16DD3C}"
EndProject
Global
	GlobalSection(SolutionConfigurationPlatforms) = preSolution
		Debug|Any CPU = Debug|Any CPU
		Release|Any CPU = Release|Any CPU
	EndGlobalSection
	GlobalSection(ProjectConfigurationPlatforms) = postSolution
		{6FEC1C24-BE7E-4E54-9CB2-08273A16DD3C}.Debug|Any CPU.ActiveCfg = Debug|Any CPU
		{6FEC1C24-BE7E-4E54-9CB2-08273A16DD3C}.Debug|Any CPU.Build.0 = Debug|Any CPU
		{6FEC1C24-BE7E-4E54-9CB2-08273A16DD3C}.Release|Any CPU.ActiveCfg = Release|Any CPU
		{6FEC1C24-BE7E-4E54-9CB2-08273A16DD3C}.Release|Any CPU.Build.0 = Release|Any CPU
	EndGlobalSection
	GlobalSection(SolutionProperties) = preSolution
		HideSolutionNode = FALSE
	EndGlobalSection
	GlobalSection(ExtensibilityGlobals) = postSolution
		SolutionGuid = {DEC23614-C652-4674-AA48-A51044A5789B}
	EndGlobalSection
EndGlobal
